
Microsoft Visual Studio Solution File, Format Version 12.00
# Visual Studio Version 17
VisualStudioVersion = 17.8.34316.72
MinimumVisualStudioVersion = 10.0.40219.1
Project("{8BC9CEB8-8B4A-11D0-8D11-00A0C91BC942}") = "DevToys", "DevToys.vcxproj", "{E8BCCB35-DBE2-41C1-9413-AE07A8649B5B}"
EndProject
Project("{54435603-DBB4-11D2-8724-00A0C9A8B90C}") = "SetUp", "..\SetUp\SetUp.vdproj", "{6E8690AC-388D-4812-A221-7EFFF24CC7C7}"
EndProject
Project("{8BC9CEB8-8B4A-11D0-8D11-00A0C91BC942}") = "GaugeBoardWidget", "GaugeBoardWidget\GaugeBoardWidget.vcxproj", "{5DBC9636-4ED6-4F50-9683-D556A0DFD9A5}"
EndProject
Global
	GlobalSection(SolutionConfigurationPlatforms) = preSolution
		Debug|x64 = Debug|x64
		DebugRelease|x64 = DebugRelease|x64
		Release|x64 = Release|x64
	EndGlobalSection
	GlobalSection(ProjectConfigurationPlatforms) = postSolution
		{E8BCCB35-DBE2-41C1-9413-AE07A8649B5B}.Debug|x64.ActiveCfg = Debug|x64
		{E8BCCB35-DBE2-41C1-9413-AE07A8649B5B}.Debug|x64.Build.0 = Debug|x64
		{E8BCCB35-DBE2-41C1-9413-AE07A8649B5B}.DebugRelease|x64.ActiveCfg = DebugRelease|x64
		{E8BCCB35-DBE2-41C1-9413-AE07A8649B5B}.DebugRelease|x64.Build.0 = DebugRelease|x64
		{E8BCCB35-DBE2-41C1-9413-AE07A8649B5B}.Release|x64.ActiveCfg = Release|x64
		{E8BCCB35-DBE2-41C1-9413-AE07A8649B5B}.Release|x64.Build.0 = Release|x64
		{6E8690AC-388D-4812-A221-7EFFF24CC7C7}.Debug|x64.ActiveCfg = Debug
		{6E8690AC-388D-4812-A221-7EFFF24CC7C7}.Debug|x64.Build.0 = Debug
		{6E8690AC-388D-4812-A221-7EFFF24CC7C7}.DebugRelease|x64.ActiveCfg = DebugRelease
		{6E8690AC-388D-4812-A221-7EFFF24CC7C7}.DebugRelease|x64.Build.0 = DebugRelease
		{6E8690AC-388D-4812-A221-7EFFF24CC7C7}.Release|x64.ActiveCfg = Release
		{6E8690AC-388D-4812-A221-7EFFF24CC7C7}.Release|x64.Build.0 = Release
		{5DBC9636-4ED6-4F50-9683-D556A0DFD9A5}.Debug|x64.ActiveCfg = Debug|x64
		{5DBC9636-4ED6-4F50-9683-D556A0DFD9A5}.Debug|x64.Build.0 = Debug|x64
		{5DBC9636-4ED6-4F50-9683-D556A0DFD9A5}.DebugRelease|x64.ActiveCfg = DebugRelease|x64
		{5DBC9636-4ED6-4F50-9683-D556A0DFD9A5}.DebugRelease|x64.Build.0 = DebugRelease|x64
		{5DBC9636-4ED6-4F50-9683-D556A0DFD9A5}.Release|x64.ActiveCfg = Release|x64
		{5DBC9636-4ED6-4F50-9683-D556A0DFD9A5}.Release|x64.Build.0 = Release|x64
	EndGlobalSection
	GlobalSection(SolutionProperties) = preSolution
		HideSolutionNode = FALSE
	EndGlobalSection
	GlobalSection(ExtensibilityGlobals) = postSolution
		SolutionGuid = {25737A04-76EE-413E-AA6B-3B0C320034E8}
	EndGlobalSection
EndGlobal
