<?xml version="1.0" encoding="utf-8"?>
<Project ToolsVersion="4.0" xmlns="http://schemas.microsoft.com/developer/msbuild/2003">
  <ItemGroup>
    <Filter Include="Source Files">
      <UniqueIdentifier>{4FC737F1-C7A5-4376-A066-2A32D752A2FF}</UniqueIdentifier>
      <Extensions>qml;cpp;c;cc;cxx;def;odl;idl;hpj;bat;asm;asmx</Extensions>
    </Filter>
    <Filter Include="Header Files">
      <UniqueIdentifier>{93995380-89BD-4b04-88EB-625FBE52EBFB}</UniqueIdentifier>
      <Extensions>h;hh;hpp;hxx;hm;inl;inc;xsd</Extensions>
    </Filter>
    <Filter Include="Resource Files">
      <UniqueIdentifier>{67DA6AB6-F800-4c08-8B7A-83BB121AAD01}</UniqueIdentifier>
      <Extensions>qrc;rc;ico;cur;bmp;dlg;rc2;rct;bin;rgs;gif;jpg;jpeg;jpe;resx;tiff;tif;png;wav;mfcribbon-ms</Extensions>
    </Filter>
    <Filter Include="Form Files">
      <UniqueIdentifier>{99349809-55BA-4b9d-BF79-8FDBB0286EB3}</UniqueIdentifier>
      <Extensions>ui</Extensions>
    </Filter>
    <Filter Include="Translation Files">
      <UniqueIdentifier>{639EADAA-A684-42e4-A9AD-28FC9BCB8F7C}</UniqueIdentifier>
      <Extensions>ts</Extensions>
    </Filter>
  </ItemGroup>
  <ItemGroup>
    <QtRcc Include="devtoys.qrc">
      <Filter>Resource Files</Filter>
    </QtRcc>
    <QtMoc Include="devtoys.h">
      <Filter>Header Files</Filter>
    </QtMoc>
    <ClCompile Include="devtoys.cpp">
      <Filter>Source Files</Filter>
    </ClCompile>
    <None Include="DevToys.ico">
      <Filter>Resource Files</Filter>
    </None>
    <ResourceCompile Include="DevToys.rc">
      <Filter>Resource Files</Filter>
    </ResourceCompile>
    <QtRcc Include="light\lightstyle.qrc">
      <Filter>Resource Files</Filter>
    </QtRcc>
    <QtRcc Include="dark\darkstyle.qrc">
      <Filter>Resource Files</Filter>
    </QtRcc>
  </ItemGroup>
  <ItemGroup>
    <ClCompile Include="main.cpp">
      <Filter>Source Files</Filter>
    </ClCompile>
    <ClCompile Include="navigatorview.cpp">
      <Filter>Source Files</Filter>
    </ClCompile>
    <ClCompile Include="iconlabel.cpp">
      <Filter>Source Files</Filter>
    </ClCompile>
    <ClCompile Include="iconlabellistview.cpp">
      <Filter>Source Files</Filter>
    </ClCompile>
    <ClCompile Include="jsontoyaml.cpp">
      <Filter>Source Files</Filter>
    </ClCompile>
    <ClCompile Include="tools.cpp">
      <Filter>Source Files</Filter>
    </ClCompile>
    <ClCompile Include="sciscintilla.cpp">
      <Filter>Source Files</Filter>
    </ClCompile>
    <ClCompile Include="timestamp.cpp">
      <Filter>Source Files</Filter>
    </ClCompile>
    <ClCompile Include="popupmessage.cpp">
      <Filter>Source Files</Filter>
    </ClCompile>
    <ClCompile Include="convertbinary.cpp">
      <Filter>Source Files</Filter>
    </ClCompile>
    <ClCompile Include="slidebutton.cpp">
      <Filter>Source Files</Filter>
    </ClCompile>
    <ClCompile Include="converthtml.cpp">
      <Filter>Source Files</Filter>
    </ClCompile>
    <ClCompile Include="converturl.cpp">
      <Filter>Source Files</Filter>
    </ClCompile>
    <ClCompile Include="convertbase64.cpp">
      <Filter>Source Files</Filter>
    </ClCompile>
    <ClCompile Include="convertbase64image.cpp">
      <Filter>Source Files</Filter>
    </ClCompile>
    <ClCompile Include="jsonstringformat.cpp">
      <Filter>Source Files</Filter>
    </ClCompile>
    <ClCompile Include="xmlstringformat.cpp">
      <Filter>Source Files</Filter>
    </ClCompile>
    <ClCompile Include="animationopacityeffect.cpp">
      <Filter>Source Files</Filter>
    </ClCompile>
    <ClCompile Include="passwordgeneration.cpp">
      <Filter>Source Files</Filter>
    </ClCompile>
    <ClCompile Include="randomstringtask.cpp">
      <Filter>Source Files</Filter>
    </ClCompile>
    <ClCompile Include="stringhashgeneration.cpp">
      <Filter>Source Files</Filter>
    </ClCompile>
    <ClCompile Include="uuidgeneration.cpp">
      <Filter>Source Files</Filter>
    </ClCompile>
    <ClCompile Include="MainWindow.cpp">
      <Filter>Source Files</Filter>
    </ClCompile>
    <ClCompile Include="qcustommainwindow.cpp">
      <Filter>Source Files</Filter>
    </ClCompile>
    <ClCompile Include="qcustomtitlebar.cpp">
      <Filter>Source Files</Filter>
    </ClCompile>
    <ClCompile Include="filtercombobox.cpp">
      <Filter>Source Files</Filter>
    </ClCompile>
    <ClCompile Include="settingwidget.cpp">
      <Filter>Source Files</Filter>
    </ClCompile>
    <ClCompile Include="Config.cpp">
      <Filter>Source Files</Filter>
    </ClCompile>
    <ClCompile Include="sqllog.cpp">
      <Filter>Source Files</Filter>
    </ClCompile>
  </ItemGroup>
  <ItemGroup>
    <None Include="cpp.hint" />
    <None Include="packages.config" />
  </ItemGroup>
  <ItemGroup>
    <QtMoc Include="navigatorview.h">
      <Filter>Header Files</Filter>
    </QtMoc>
    <QtMoc Include="iconlabel.h">
      <Filter>Header Files</Filter>
    </QtMoc>
    <QtMoc Include="iconlabellistview.h">
      <Filter>Header Files</Filter>
    </QtMoc>
    <QtMoc Include="jsontoyaml.h">
      <Filter>Header Files</Filter>
    </QtMoc>
    <QtMoc Include="timestamp.h">
      <Filter>Header Files</Filter>
    </QtMoc>
    <QtMoc Include="popupmessage.h">
      <Filter>Header Files</Filter>
    </QtMoc>
    <QtMoc Include="convertbinary.h">
      <Filter>Header Files</Filter>
    </QtMoc>
    <QtMoc Include="slidebutton.h">
      <Filter>Header Files</Filter>
    </QtMoc>
    <QtMoc Include="converthtml.h">
      <Filter>Header Files</Filter>
    </QtMoc>
    <QtMoc Include="converturl.h">
      <Filter>Header Files</Filter>
    </QtMoc>
    <QtMoc Include="convertbase64.h">
      <Filter>Header Files</Filter>
    </QtMoc>
    <QtMoc Include="convertbase64image.h">
      <Filter>Header Files</Filter>
    </QtMoc>
    <QtMoc Include="jsonstringformat.h">
      <Filter>Header Files</Filter>
    </QtMoc>
    <QtMoc Include="xmlstringformat.h">
      <Filter>Header Files</Filter>
    </QtMoc>
    <QtMoc Include="animationopacityeffect.h">
      <Filter>Header Files</Filter>
    </QtMoc>
    <QtMoc Include="passwordgeneration.h">
      <Filter>Header Files</Filter>
    </QtMoc>
    <QtMoc Include="randomstringtask.h">
      <Filter>Header Files</Filter>
    </QtMoc>
    <QtMoc Include="stringhashgeneration.h">
      <Filter>Header Files</Filter>
    </QtMoc>
    <QtMoc Include="uuidgeneration.h">
      <Filter>Header Files</Filter>
    </QtMoc>
    <QtMoc Include="qcustommainwindow.h">
      <Filter>Header Files</Filter>
    </QtMoc>
    <QtMoc Include="qcustomtitlebar.h">
      <Filter>Header Files</Filter>
    </QtMoc>
    <QtMoc Include="MainWindow.h">
      <Filter>Header Files</Filter>
    </QtMoc>
    <QtMoc Include="filtercombobox.h">
      <Filter>Header Files</Filter>
    </QtMoc>
    <QtMoc Include="settingwidget.h">
      <Filter>Header Files</Filter>
    </QtMoc>
    <QtMoc Include="sqllog.h">
      <Filter>Header Files</Filter>
    </QtMoc>
  </ItemGroup>
  <ItemGroup>
    <QtUic Include="iconlabel.ui">
      <Filter>Form Files</Filter>
    </QtUic>
    <QtUic Include="JsonToYaml.ui">
      <Filter>Form Files</Filter>
    </QtUic>
    <QtUic Include="timestamp.ui">
      <Filter>Form Files</Filter>
    </QtUic>
    <QtUic Include="convertbinary.ui">
      <Filter>Form Files</Filter>
    </QtUic>
    <QtUic Include="converthtml.ui">
      <Filter>Form Files</Filter>
    </QtUic>
    <QtUic Include="converturl.ui">
      <Filter>Form Files</Filter>
    </QtUic>
    <QtUic Include="convertbase64.ui">
      <Filter>Form Files</Filter>
    </QtUic>
    <QtUic Include="convertbase64image.ui">
      <Filter>Form Files</Filter>
    </QtUic>
    <QtUic Include="jsonstringformat.ui">
      <Filter>Form Files</Filter>
    </QtUic>
    <QtUic Include="xmlstringformat.ui">
      <Filter>Form Files</Filter>
    </QtUic>
    <QtUic Include="passwordgeneration.ui">
      <Filter>Form Files</Filter>
    </QtUic>
    <QtUic Include="stringhashgeneration.ui">
      <Filter>Form Files</Filter>
    </QtUic>
    <QtUic Include="uuidgeneration.ui">
      <Filter>Form Files</Filter>
    </QtUic>
    <QtUic Include="settingwidget.ui">
      <Filter>Form Files</Filter>
    </QtUic>
  </ItemGroup>
  <ItemGroup>
    <ClInclude Include="constants.h">
      <Filter>Header Files</Filter>
    </ClInclude>
    <ClInclude Include="tools.h">
      <Filter>Header Files</Filter>
    </ClInclude>
    <ClInclude Include="sciscintilla.h">
      <Filter>Header Files</Filter>
    </ClInclude>
    <ClInclude Include="Config.h">
      <Filter>Header Files</Filter>
    </ClInclude>
    <ClInclude Include="SqlExecutor.h">
      <Filter>Header Files</Filter>
    </ClInclude>
  </ItemGroup>
  <ItemGroup>
    <Manifest Include="app.manifest" />
  </ItemGroup>
</Project>